
Microsoft Visual Studio Solution File, Format Version 12.00
# Visual Studio 15
VisualStudioVersion = 15.0.27130.2027
MinimumVisualStudioVersion = 10.0.40219.1
Project("{8BC9CEB8-8B4A-11D0-8D11-00A0C91BC942}") = "loncare_DataStructures", "loncare_DataStructures\loncare_DataStructures.vcxproj", "{07DC61A4-CE53-43AC-AFD7-045E521EE755}"
EndProject
Global
	GlobalSection(SolutionConfigurationPlatforms) = preSolution
		Debug|x64 = Debug|x64
		Debug|x86 = Debug|x86
		Release|x64 = Release|x64
		Release|x86 = Release|x86
	EndGlobalSection
	GlobalSection(ProjectConfigurationPlatforms) = postSolution
		{07DC61A4-CE53-43AC-AFD7-045E521EE755}.Debug|x64.ActiveCfg = Debug|x64
		{07DC61A4-CE53-43AC-AFD7-045E521EE755}.Debug|x64.Build.0 = Debug|x64
		{07DC61A4-CE53-43AC-AFD7-045E521EE755}.Debug|x86.ActiveCfg = Debug|Win32
		{07DC61A4-CE53-43AC-AFD7-045E521EE755}.Debug|x86.Build.0 = Debug|Win32
		{07DC61A4-CE53-43AC-AFD7-045E521EE755}.Release|x64.ActiveCfg = Release|x64
		{07DC61A4-CE53-43AC-AFD7-045E521EE755}.Release|x64.Build.0 = Release|x64
		{07DC61A4-CE53-43AC-AFD7-045E521EE755}.Release|x86.ActiveCfg = Release|Win32
		{07DC61A4-CE53-43AC-AFD7-045E521EE755}.Release|x86.Build.0 = Release|Win32
	EndGlobalSection
	GlobalSection(SolutionProperties) = preSolution
		HideSolutionNode = FALSE
	EndGlobalSection
	GlobalSection(ExtensibilityGlobals) = postSolution
		SolutionGuid = {D908F50C-62A1-4BDA-B1D4-E3A9439CFDF7}
	EndGlobalSection
EndGlobal
